
Microsoft Visual Studio Solution File, Format Version 12.00
# Visual Studio 15
VisualStudioVersion = 15.0.28307.136
MinimumVisualStudioVersion = 10.0.40219.1
Project("{FAE04EC0-301F-11D3-BF4B-00C04F79EFBC}") = "WebApi", "WebApi\WebApi.csproj", "{6F07E9FA-469A-4F48-9457-E007F9C04CE8}"
EndProject
Project("{FAE04EC0-301F-11D3-BF4B-00C04F79EFBC}") = "DoctorModel", "DoctorModel\DoctorModel.csproj", "{D5C1335D-0EB4-4453-83AB-6B6D77D32C50}"
EndProject
Global
	GlobalSection(SolutionConfigurationPlatforms) = preSolution
		Debug|Any CPU = Debug|Any CPU
		Release|Any CPU = Release|Any CPU
	EndGlobalSection
	GlobalSection(ProjectConfigurationPlatforms) = postSolution
		{6F07E9FA-469A-4F48-9457-E007F9C04CE8}.Debug|Any CPU.ActiveCfg = Debug|Any CPU
		{6F07E9FA-469A-4F48-9457-E007F9C04CE8}.Debug|Any CPU.Build.0 = Debug|Any CPU
		{6F07E9FA-469A-4F48-9457-E007F9C04CE8}.Release|Any CPU.ActiveCfg = Release|Any CPU
		{6F07E9FA-469A-4F48-9457-E007F9C04CE8}.Release|Any CPU.Build.0 = Release|Any CPU
		{D5C1335D-0EB4-4453-83AB-6B6D77D32C50}.Debug|Any CPU.ActiveCfg = Debug|Any CPU
		{D5C1335D-0EB4-4453-83AB-6B6D77D32C50}.Debug|Any CPU.Build.0 = Debug|Any CPU
		{D5C1335D-0EB4-4453-83AB-6B6D77D32C50}.Release|Any CPU.ActiveCfg = Release|Any CPU
		{D5C1335D-0EB4-4453-83AB-6B6D77D32C50}.Release|Any CPU.Build.0 = Release|Any CPU
	EndGlobalSection
	GlobalSection(SolutionProperties) = preSolution
		HideSolutionNode = FALSE
	EndGlobalSection
	GlobalSection(ExtensibilityGlobals) = postSolution
		SolutionGuid = {FE0966C6-8516-470C-A3AC-3DACBACBA109}
	EndGlobalSection
EndGlobal
